// !$*UTF8*$!
{
	archiveVersion = 1;
	classes = {
	};
	objectVersion = 77;
	objects = {

/* Begin PBXBuildFile section */
		503E45D72E7661B1005ED9C4 /* TaskJarvisApp.swift in Sources */ = {isa = PBXBuildFile; fileRef = 503E45D62E7661AA005ED9C4 /* TaskJarvisApp.swift */; };
		5058458A2E882DBC0009F1EB /* ListModels.swift in Sources */ = {isa = PBXBuildFile; fileRef = 505845892E882DBC0009F1EB /* ListModels.swift */; };
		5058458C2E882DE00009F1EB /* ListViewModel.swift in Sources */ = {isa = PBXBuildFile; fileRef = 5058458B2E882DE00009F1EB /* ListViewModel.swift */; };
		5058458E2E882E100009F1EB /* ListsMainView.swift in Sources */ = {isa = PBXBuildFile; fileRef = 5058458D2E882E100009F1EB /* ListsMainView.swift */; };
		505845902E882E550009F1EB /* ListDetailView.swift in Sources */ = {isa = PBXBuildFile; fileRef = 5058458F2E882E550009F1EB /* ListDetailView.swift */; };
		505845922E882E910009F1EB /* ListSheets.swift in Sources */ = {isa = PBXBuildFile; fileRef = 505845912E882E910009F1EB /* ListSheets.swift */; };
		505845942E882ECC0009F1EB /* RichTextEditor.swift in Sources */ = {isa = PBXBuildFile; fileRef = 505845932E882ECC0009F1EB /* RichTextEditor.swift */; };
		505845962E882F2A0009F1EB /* ListsCompilationTest.swift in Sources */ = {isa = PBXBuildFile; fileRef = 505845952E882F2A0009F1EB /* ListsCompilationTest.swift */; };
		505845982E882F520009F1EB /* LISTS_FEATURE_DOCUMENTATION.md in Resources */ = {isa = PBXBuildFile; fileRef = 505845972E882F520009F1EB /* LISTS_FEATURE_DOCUMENTATION.md */; };
		509041772E86355F00AEEBAF /* MonthlyCalendarView.swift in Sources */ = {isa = PBXBuildFile; fileRef = 509041762E86355E00AEEBAF /* MonthlyCalendarView.swift */; };
		50D5F7D72E80E003007F24DF /* Auth in Frameworks */ = {isa = PBXBuildFile; productRef = 50D5F7D62E80E003007F24DF /* Auth */; };
		50D5F7D92E80E003007F24DF /* Functions in Frameworks */ = {isa = PBXBuildFile; productRef = 50D5F7D82E80E003007F24DF /* Functions */; };
		50D5F7DB2E80E003007F24DF /* PostgREST in Frameworks */ = {isa = PBXBuildFile; productRef = 50D5F7DA2E80E003007F24DF /* PostgREST */; };
		50D5F7DD2E80E003007F24DF /* Realtime in Frameworks */ = {isa = PBXBuildFile; productRef = 50D5F7DC2E80E003007F24DF /* Realtime */; };
		50D5F7DF2E80E003007F24DF /* Storage in Frameworks */ = {isa = PBXBuildFile; productRef = 50D5F7DE2E80E003007F24DF /* Storage */; };
		50D5F7E12E80E003007F24DF /* Supabase in Frameworks */ = {isa = PBXBuildFile; productRef = 50D5F7E02E80E003007F24DF /* Supabase */; };
		50D5F7E92E80E3E2007F24DF /* logo.png in Resources */ = {isa = PBXBuildFile; fileRef = 50D5F7E82E80E3E2007F24DF /* logo.png */; };
		50D5F7EB2E80E4B6007F24DF /* TaskJarvisTests.swift in Sources */ = {isa = PBXBuildFile; fileRef = 50D5F7EA2E80E4B6007F24DF /* TaskJarvisTests.swift */; };
		50D5F7ED2E80E4C4007F24DF /* LogoView.swift in Sources */ = {isa = PBXBuildFile; fileRef = 50D5F7EC2E80E4C4007F24DF /* LogoView.swift */; };
		50D5F7EF2E80E4E2007F24DF /* SplashView.swift in Sources */ = {isa = PBXBuildFile; fileRef = 50D5F7EE2E80E4E2007F24DF /* SplashView.swift */; };
		50D5F7F12E80E518007F24DF /* AppAssets.swift in Sources */ = {isa = PBXBuildFile; fileRef = 50D5F7F02E80E518007F24DF /* AppAssets.swift */; };
		50D5F7F32E80E542007F24DF /* CompilationCheck.swift in Sources */ = {isa = PBXBuildFile; fileRef = 50D5F7F22E80E542007F24DF /* CompilationCheck.swift */; };
		50D5F7F52E80E567007F24DF /* FIXES_AND_IMPROVEMENTS.md in Resources */ = {isa = PBXBuildFile; fileRef = 50D5F7F42E80E567007F24DF /* FIXES_AND_IMPROVEMENTS.md */; };
		50D5F8062E80F736007F24DF /* playstore.png in Resources */ = {isa = PBXBuildFile; fileRef = 50D5F8042E80F736007F24DF /* playstore.png */; };
		50D5F8072E80F736007F24DF /* Assets.xcassets in Resources */ = {isa = PBXBuildFile; fileRef = 50D5F8032E80F736007F24DF /* Assets.xcassets */; };
		50D5F8082E80F736007F24DF /* appstore.png in Resources */ = {isa = PBXBuildFile; fileRef = 50D5F8022E80F736007F24DF /* appstore.png */; };
/* End PBXBuildFile section */

/* Begin PBXContainerItemProxy section */
		503E45A02E7660BA005ED9C4 /* PBXContainerItemProxy */ = {
			isa = PBXContainerItemProxy;
			containerPortal = 503E458A2E7660B7005ED9C4 /* Project object */;
			proxyType = 1;
			remoteGlobalIDString = 503E45912E7660B8005ED9C4;
			remoteInfo = TaskJarvis;
		};
		503E45AA2E7660BA005ED9C4 /* PBXContainerItemProxy */ = {
			isa = PBXContainerItemProxy;
			containerPortal = 503E458A2E7660B7005ED9C4 /* Project object */;
			proxyType = 1;
			remoteGlobalIDString = 503E45912E7660B8005ED9C4;
			remoteInfo = TaskJarvis;
		};
/* End PBXContainerItemProxy section */

/* Begin PBXFileReference section */
		503E45922E7660B8005ED9C4 /* TaskJarvis.app */ = {isa = PBXFileReference; explicitFileType = wrapper.application; includeInIndex = 0; path = TaskJarvis.app; sourceTree = BUILT_PRODUCTS_DIR; };
		503E459F2E7660BA005ED9C4 /* TaskJarvisTests.xctest */ = {isa = PBXFileReference; explicitFileType = wrapper.cfbundle; includeInIndex = 0; path = TaskJarvisTests.xctest; sourceTree = BUILT_PRODUCTS_DIR; };
		503E45A92E7660BA005ED9C4 /* TaskJarvisUITests.xctest */ = {isa = PBXFileReference; explicitFileType = wrapper.cfbundle; includeInIndex = 0; path = TaskJarvisUITests.xctest; sourceTree = BUILT_PRODUCTS_DIR; };
		503E45D62E7661AA005ED9C4 /* TaskJarvisApp.swift */ = {isa = PBXFileReference; lastKnownFileType = sourcecode.swift; path = TaskJarvisApp.swift; sourceTree = "<group>"; };
		505845892E882DBC0009F1EB /* ListModels.swift */ = {isa = PBXFileReference; lastKnownFileType = sourcecode.swift; path = ListModels.swift; sourceTree = "<group>"; };
		5058458B2E882DE00009F1EB /* ListViewModel.swift */ = {isa = PBXFileReference; lastKnownFileType = sourcecode.swift; path = ListViewModel.swift; sourceTree = "<group>"; };
		5058458D2E882E100009F1EB /* ListsMainView.swift */ = {isa = PBXFileReference; lastKnownFileType = sourcecode.swift; path = ListsMainView.swift; sourceTree = "<group>"; };
		5058458F2E882E550009F1EB /* ListDetailView.swift */ = {isa = PBXFileReference; lastKnownFileType = sourcecode.swift; path = ListDetailView.swift; sourceTree = "<group>"; };
		505845912E882E910009F1EB /* ListSheets.swift */ = {isa = PBXFileReference; lastKnownFileType = sourcecode.swift; path = ListSheets.swift; sourceTree = "<group>"; };
		505845932E882ECC0009F1EB /* RichTextEditor.swift */ = {isa = PBXFileReference; lastKnownFileType = sourcecode.swift; path = RichTextEditor.swift; sourceTree = "<group>"; };
		505845952E882F2A0009F1EB /* ListsCompilationTest.swift */ = {isa = PBXFileReference; lastKnownFileType = sourcecode.swift; path = ListsCompilationTest.swift; sourceTree = "<group>"; };
		505845972E882F520009F1EB /* LISTS_FEATURE_DOCUMENTATION.md */ = {isa = PBXFileReference; lastKnownFileType = net.daringfireball.markdown; path = LISTS_FEATURE_DOCUMENTATION.md; sourceTree = "<group>"; };
		509041762E86355E00AEEBAF /* MonthlyCalendarView.swift */ = {isa = PBXFileReference; lastKnownFileType = sourcecode.swift; path = MonthlyCalendarView.swift; sourceTree = "<group>"; };
		50D5F7E82E80E3E2007F24DF /* logo.png */ = {isa = PBXFileReference; lastKnownFileType = image.png; path = logo.png; sourceTree = "<group>"; };
		50D5F7EA2E80E4B6007F24DF /* TaskJarvisTests.swift */ = {isa = PBXFileReference; lastKnownFileType = sourcecode.swift; path = TaskJarvisTests.swift; sourceTree = "<group>"; };
		50D5F7EC2E80E4C4007F24DF /* LogoView.swift */ = {isa = PBXFileReference; lastKnownFileType = sourcecode.swift; path = LogoView.swift; sourceTree = "<group>"; };
		50D5F7EE2E80E4E2007F24DF /* SplashView.swift */ = {isa = PBXFileReference; lastKnownFileType = sourcecode.swift; path = SplashView.swift; sourceTree = "<group>"; };
		50D5F7F02E80E518007F24DF /* AppAssets.swift */ = {isa = PBXFileReference; lastKnownFileType = sourcecode.swift; path = AppAssets.swift; sourceTree = "<group>"; };
		50D5F7F22E80E542007F24DF /* CompilationCheck.swift */ = {isa = PBXFileReference; lastKnownFileType = sourcecode.swift; path = CompilationCheck.swift; sourceTree = "<group>"; };
		50D5F7F42E80E567007F24DF /* FIXES_AND_IMPROVEMENTS.md */ = {isa = PBXFileReference; lastKnownFileType = net.daringfireball.markdown; path = FIXES_AND_IMPROVEMENTS.md; sourceTree = "<group>"; };
		50D5F8022E80F736007F24DF /* appstore.png */ = {isa = PBXFileReference; lastKnownFileType = image.png; path = appstore.png; sourceTree = "<group>"; };
		50D5F8032E80F736007F24DF /* Assets.xcassets */ = {isa = PBXFileReference; lastKnownFileType = folder.assetcatalog; path = Assets.xcassets; sourceTree = "<group>"; };
		50D5F8042E80F736007F24DF /* playstore.png */ = {isa = PBXFileReference; lastKnownFileType = image.png; path = playstore.png; sourceTree = "<group>"; };
/* End PBXFileReference section */

/* Begin PBXFileSystemSynchronizedRootGroup section */
		503E45BC2E7660CE005ED9C4 /* Models */ = {
			isa = PBXFileSystemSynchronizedRootGroup;
			path = Models;
			sourceTree = "<group>";
		};
		503E45C02E766115005ED9C4 /* ViewModels */ = {
			isa = PBXFileSystemSynchronizedRootGroup;
			path = ViewModels;
			sourceTree = "<group>";
		};
		503E45C52E766153005ED9C4 /* Views */ = {
			isa = PBXFileSystemSynchronizedRootGroup;
			path = Views;
			sourceTree = "<group>";
		};
		503E45CF2E766183005ED9C4 /* Services */ = {
			isa = PBXFileSystemSynchronizedRootGroup;
			path = Services;
			sourceTree = "<group>";
		};
/* End PBXFileSystemSynchronizedRootGroup section */

/* Begin PBXFrameworksBuildPhase section */
		503E458F2E7660B8005ED9C4 /* Frameworks */ = {
			isa = PBXFrameworksBuildPhase;
			buildActionMask = 2147483647;
			files = (
				50D5F7DB2E80E003007F24DF /* PostgREST in Frameworks */,
				50D5F7D92E80E003007F24DF /* Functions in Frameworks */,
				50D5F7E12E80E003007F24DF /* Supabase in Frameworks */,
				50D5F7D72E80E003007F24DF /* Auth in Frameworks */,
				50D5F7DF2E80E003007F24DF /* Storage in Frameworks */,
				50D5F7DD2E80E003007F24DF /* Realtime in Frameworks */,
			);
			runOnlyForDeploymentPostprocessing = 0;
		};
		503E459C2E7660BA005ED9C4 /* Frameworks */ = {
			isa = PBXFrameworksBuildPhase;
			buildActionMask = 2147483647;
			files = (
			);
			runOnlyForDeploymentPostprocessing = 0;
		};
		503E45A62E7660BA005ED9C4 /* Frameworks */ = {
			isa = PBXFrameworksBuildPhase;
			buildActionMask = 2147483647;
			files = (
			);
			runOnlyForDeploymentPostprocessing = 0;
		};
/* End PBXFrameworksBuildPhase section */

/* Begin PBXGroup section */
		503E45892E7660B7005ED9C4 = {
			isa = PBXGroup;
			children = (
				503E45BC2E7660CE005ED9C4 /* Models */,
				503E45932E7660B8005ED9C4 /* Products */,
				503E45C02E766115005ED9C4 /* ViewModels */,
				503E45C52E766153005ED9C4 /* Views */,
				503E45CF2E766183005ED9C4 /* Services */,
				503E45D62E7661AA005ED9C4 /* TaskJarvisApp.swift */,
				50D5F7E82E80E3E2007F24DF /* logo.png */,
				50D5F7EA2E80E4B6007F24DF /* TaskJarvisTests.swift */,
				50D5F7EC2E80E4C4007F24DF /* LogoView.swift */,
				50D5F7EE2E80E4E2007F24DF /* SplashView.swift */,
				50D5F7F02E80E518007F24DF /* AppAssets.swift */,
				50D5F7F22E80E542007F24DF /* CompilationCheck.swift */,
				50D5F7F42E80E567007F24DF /* FIXES_AND_IMPROVEMENTS.md */,
				50D5F8052E80F736007F24DF /* AppIcons */,
				509041762E86355E00AEEBAF /* MonthlyCalendarView.swift */,
				505845892E882DBC0009F1EB /* ListModels.swift */,
				5058458B2E882DE00009F1EB /* ListViewModel.swift */,
				5058458D2E882E100009F1EB /* ListsMainView.swift */,
				5058458F2E882E550009F1EB /* ListDetailView.swift */,
				505845912E882E910009F1EB /* ListSheets.swift */,
				505845932E882ECC0009F1EB /* RichTextEditor.swift */,
				505845952E882F2A0009F1EB /* ListsCompilationTest.swift */,
				505845972E882F520009F1EB /* LISTS_FEATURE_DOCUMENTATION.md */,
			);
			sourceTree = "<group>";
		};
		503E45932E7660B8005ED9C4 /* Products */ = {
			isa = PBXGroup;
			children = (
				503E45922E7660B8005ED9C4 /* TaskJarvis.app */,
				503E459F2E7660BA005ED9C4 /* TaskJarvisTests.xctest */,
				503E45A92E7660BA005ED9C4 /* TaskJarvisUITests.xctest */,
			);
			name = Products;
			sourceTree = "<group>";
		};
		50D5F8052E80F736007F24DF /* AppIcons */ = {
			isa = PBXGroup;
			children = (
				50D5F8022E80F736007F24DF /* appstore.png */,
				50D5F8032E80F736007F24DF /* Assets.xcassets */,
				50D5F8042E80F736007F24DF /* playstore.png */,
			);
			path = AppIcons;
			sourceTree = "<group>";
		};
/* End PBXGroup section */

/* Begin PBXNativeTarget section */
		503E45912E7660B8005ED9C4 /* TaskJarvis */ = {
			isa = PBXNativeTarget;
			buildConfigurationList = 503E45B32E7660BA005ED9C4 /* Build configuration list for PBXNativeTarget "TaskJarvis" */;
			buildPhases = (
				503E458E2E7660B8005ED9C4 /* Sources */,
				503E458F2E7660B8005ED9C4 /* Frameworks */,
				503E45902E7660B8005ED9C4 /* Resources */,
			);
			buildRules = (
			);
			dependencies = (
			);
			fileSystemSynchronizedGroups = (
				503E45BC2E7660CE005ED9C4 /* Models */,
				503E45C02E766115005ED9C4 /* ViewModels */,
				503E45C52E766153005ED9C4 /* Views */,
				503E45CF2E766183005ED9C4 /* Services */,
			);
			name = TaskJarvis;
			packageProductDependencies = (
				50D5F7D62E80E003007F24DF /* Auth */,
				50D5F7D82E80E003007F24DF /* Functions */,
				50D5F7DA2E80E003007F24DF /* PostgREST */,
				50D5F7DC2E80E003007F24DF /* Realtime */,
				50D5F7DE2E80E003007F24DF /* Storage */,
				50D5F7E02E80E003007F24DF /* Supabase */,
			);
			productName = TaskJarvis;
			productReference = 503E45922E7660B8005ED9C4 /* TaskJarvis.app */;
			productType = "com.apple.product-type.application";
		};
		503E459E2E7660BA005ED9C4 /* TaskJarvisTests */ = {
			isa = PBXNativeTarget;
			buildConfigurationList = 503E45B62E7660BA005ED9C4 /* Build configuration list for PBXNativeTarget "TaskJarvisTests" */;
			buildPhases = (
				503E459B2E7660BA005ED9C4 /* Sources */,
				503E459C2E7660BA005ED9C4 /* Frameworks */,
				503E459D2E7660BA005ED9C4 /* Resources */,
			);
			buildRules = (
			);
			dependencies = (
				503E45A12E7660BA005ED9C4 /* PBXTargetDependency */,
			);
			name = TaskJarvisTests;
			packageProductDependencies = (
			);
			productName = TaskJarvisTests;
			productReference = 503E459F2E7660BA005ED9C4 /* TaskJarvisTests.xctest */;
			productType = "com.apple.product-type.bundle.unit-test";
		};
		503E45A82E7660BA005ED9C4 /* TaskJarvisUITests */ = {
			isa = PBXNativeTarget;
			buildConfigurationList = 503E45B92E7660BA005ED9C4 /* Build configuration list for PBXNativeTarget "TaskJarvisUITests" */;
			buildPhases = (
				503E45A52E7660BA005ED9C4 /* Sources */,
				503E45A62E7660BA005ED9C4 /* Frameworks */,
				503E45A72E7660BA005ED9C4 /* Resources */,
			);
			buildRules = (
			);
			dependencies = (
				503E45AB2E7660BA005ED9C4 /* PBXTargetDependency */,
			);
			name = TaskJarvisUITests;
			packageProductDependencies = (
			);
			productName = TaskJarvisUITests;
			productReference = 503E45A92E7660BA005ED9C4 /* TaskJarvisUITests.xctest */;
			productType = "com.apple.product-type.bundle.ui-testing";
		};
/* End PBXNativeTarget section */

/* Begin PBXProject section */
		503E458A2E7660B7005ED9C4 /* Project object */ = {
			isa = PBXProject;
			attributes = {
				BuildIndependentTargetsInParallel = 1;
				LastSwiftUpdateCheck = 1640;
				LastUpgradeCheck = 1640;
				TargetAttributes = {
					503E45912E7660B8005ED9C4 = {
						CreatedOnToolsVersion = 16.4;
					};
					503E459E2E7660BA005ED9C4 = {
						CreatedOnToolsVersion = 16.4;
						TestTargetID = 503E45912E7660B8005ED9C4;
					};
					503E45A82E7660BA005ED9C4 = {
						CreatedOnToolsVersion = 16.4;
						TestTargetID = 503E45912E7660B8005ED9C4;
					};
				};
			};
			buildConfigurationList = 503E458D2E7660B7005ED9C4 /* Build configuration list for PBXProject "TaskJarvis" */;
			developmentRegion = en;
			hasScannedForEncodings = 0;
			knownRegions = (
				en,
				Base,
			);
			mainGroup = 503E45892E7660B7005ED9C4;
			minimizedProjectReferenceProxies = 1;
			packageReferences = (
				50D5F7D52E80E003007F24DF /* XCRemoteSwiftPackageReference "supabase-swift" */,
			);
			preferredProjectObjectVersion = 77;
			productRefGroup = 503E45932E7660B8005ED9C4 /* Products */;
			projectDirPath = "";
			projectRoot = "";
			targets = (
				503E45912E7660B8005ED9C4 /* TaskJarvis */,
				503E459E2E7660BA005ED9C4 /* TaskJarvisTests */,
				503E45A82E7660BA005ED9C4 /* TaskJarvisUITests */,
			);
		};
/* End PBXProject section */

/* Begin PBXResourcesBuildPhase section */
		503E45902E7660B8005ED9C4 /* Resources */ = {
			isa = PBXResourcesBuildPhase;
			buildActionMask = 2147483647;
			files = (
				505845982E882F520009F1EB /* LISTS_FEATURE_DOCUMENTATION.md in Resources */,
				50D5F7E92E80E3E2007F24DF /* logo.png in Resources */,
				50D5F8062E80F736007F24DF /* playstore.png in Resources */,
				50D5F8072E80F736007F24DF /* Assets.xcassets in Resources */,
				50D5F8082E80F736007F24DF /* appstore.png in Resources */,
				50D5F7F52E80E567007F24DF /* FIXES_AND_IMPROVEMENTS.md in Resources */,
			);
			runOnlyForDeploymentPostprocessing = 0;
		};
		503E459D2E7660BA005ED9C4 /* Resources */ = {
			isa = PBXResourcesBuildPhase;
			buildActionMask = 2147483647;
			files = (
			);
			runOnlyForDeploymentPostprocessing = 0;
		};
		503E45A72E7660BA005ED9C4 /* Resources */ = {
			isa = PBXResourcesBuildPhase;
			buildActionMask = 2147483647;
			files = (
			);
			runOnlyForDeploymentPostprocessing = 0;
		};
/* End PBXResourcesBuildPhase section */

/* Begin PBXSourcesBuildPhase section */
		503E458E2E7660B8005ED9C4 /* Sources */ = {
			isa = PBXSourcesBuildPhase;
			buildActionMask = 2147483647;
			files = (
				505845942E882ECC0009F1EB /* RichTextEditor.swift in Sources */,
				505845922E882E910009F1EB /* ListSheets.swift in Sources */,
				50D5F7F32E80E542007F24DF /* CompilationCheck.swift in Sources */,
				509041772E86355F00AEEBAF /* MonthlyCalendarView.swift in Sources */,
				50D5F7ED2E80E4C4007F24DF /* LogoView.swift in Sources */,
				50D5F7F12E80E518007F24DF /* AppAssets.swift in Sources */,
				5058458E2E882E100009F1EB /* ListsMainView.swift in Sources */,
				50D5F7EF2E80E4E2007F24DF /* SplashView.swift in Sources */,
				5058458C2E882DE00009F1EB /* ListViewModel.swift in Sources */,
				50D5F7EB2E80E4B6007F24DF /* TaskJarvisTests.swift in Sources */,
				505845902E882E550009F1EB /* ListDetailView.swift in Sources */,
				505845962E882F2A0009F1EB /* ListsCompilationTest.swift in Sources */,
				5058458A2E882DBC0009F1EB /* ListModels.swift in Sources */,
				503E45D72E7661B1005ED9C4 /* TaskJarvisApp.swift in Sources */,
			);
			runOnlyForDeploymentPostprocessing = 0;
		};
		503E459B2E7660BA005ED9C4 /* Sources */ = {
			isa = PBXSourcesBuildPhase;
			buildActionMask = 2147483647;
			files = (
			);
			runOnlyForDeploymentPostprocessing = 0;
		};
		503E45A52E7660BA005ED9C4 /* Sources */ = {
			isa = PBXSourcesBuildPhase;
			buildActionMask = 2147483647;
			files = (
			);
			runOnlyForDeploymentPostprocessing = 0;
		};
/* End PBXSourcesBuildPhase section */

/* Begin PBXTargetDependency section */
		503E45A12E7660BA005ED9C4 /* PBXTargetDependency */ = {
			isa = PBXTargetDependency;
			target = 503E45912E7660B8005ED9C4 /* TaskJarvis */;
			targetProxy = 503E45A02E7660BA005ED9C4 /* PBXContainerItemProxy */;
		};
		503E45AB2E7660BA005ED9C4 /* PBXTargetDependency */ = {
			isa = PBXTargetDependency;
			target = 503E45912E7660B8005ED9C4 /* TaskJarvis */;
			targetProxy = 503E45AA2E7660BA005ED9C4 /* PBXContainerItemProxy */;
		};
/* End PBXTargetDependency section */

/* Begin XCBuildConfiguration section */
		503E45B12E7660BA005ED9C4 /* Debug */ = {
			isa = XCBuildConfiguration;
			buildSettings = {
				ALWAYS_SEARCH_USER_PATHS = NO;
				ASSETCATALOG_COMPILER_GENERATE_SWIFT_ASSET_SYMBOL_EXTENSIONS = YES;
				CLANG_ANALYZER_NONNULL = YES;
				CLANG_ANALYZER_NUMBER_OBJECT_CONVERSION = YES_AGGRESSIVE;
				CLANG_CXX_LANGUAGE_STANDARD = "gnu++20";
				CLANG_ENABLE_MODULES = YES;
				CLANG_ENABLE_OBJC_ARC = YES;
				CLANG_ENABLE_OBJC_WEAK = YES;
				CLANG_WARN_BLOCK_CAPTURE_AUTORELEASING = YES;
				CLANG_WARN_BOOL_CONVERSION = YES;
				CLANG_WARN_COMMA = YES;
				CLANG_WARN_CONSTANT_CONVERSION = YES;
				CLANG_WARN_DEPRECATED_OBJC_IMPLEMENTATIONS = YES;
				CLANG_WARN_DIRECT_OBJC_ISA_USAGE = YES_ERROR;
				CLANG_WARN_DOCUMENTATION_COMMENTS = YES;
				CLANG_WARN_EMPTY_BODY = YES;
				CLANG_WARN_ENUM_CONVERSION = YES;
				CLANG_WARN_INFINITE_RECURSION = YES;
				CLANG_WARN_INT_CONVERSION = YES;
				CLANG_WARN_NON_LITERAL_NULL_CONVERSION = YES;
				CLANG_WARN_OBJC_IMPLICIT_RETAIN_SELF = YES;
				CLANG_WARN_OBJC_LITERAL_CONVERSION = YES;
				CLANG_WARN_OBJC_ROOT_CLASS = YES_ERROR;
				CLANG_WARN_QUOTED_INCLUDE_IN_FRAMEWORK_HEADER = YES;
				CLANG_WARN_RANGE_LOOP_ANALYSIS = YES;
				CLANG_WARN_STRICT_PROTOTYPES = YES;
				CLANG_WARN_SUSPICIOUS_MOVE = YES;
				CLANG_WARN_UNGUARDED_AVAILABILITY = YES_AGGRESSIVE;
				CLANG_WARN_UNREACHABLE_CODE = YES;
				CLANG_WARN__DUPLICATE_METHOD_MATCH = YES;
				COPY_PHASE_STRIP = NO;
				DEBUG_INFORMATION_FORMAT = dwarf;
				ENABLE_STRICT_OBJC_MSGSEND = YES;
				ENABLE_TESTABILITY = YES;
				ENABLE_USER_SCRIPT_SANDBOXING = YES;
				GCC_C_LANGUAGE_STANDARD = gnu17;
				GCC_DYNAMIC_NO_PIC = NO;
				GCC_NO_COMMON_BLOCKS = YES;
				GCC_OPTIMIZATION_LEVEL = 0;
				GCC_PREPROCESSOR_DEFINITIONS = (
					"DEBUG=1",
					"$(inherited)",
				);
				GCC_WARN_64_TO_32_BIT_CONVERSION = YES;
				GCC_WARN_ABOUT_RETURN_TYPE = YES_ERROR;
				GCC_WARN_UNDECLARED_SELECTOR = YES;
				GCC_WARN_UNINITIALIZED_AUTOS = YES_AGGRESSIVE;
				GCC_WARN_UNUSED_FUNCTION = YES;
				GCC_WARN_UNUSED_VARIABLE = YES;
				IPHONEOS_DEPLOYMENT_TARGET = 18.5;
				LOCALIZATION_PREFERS_STRING_CATALOGS = YES;
				MTL_ENABLE_DEBUG_INFO = INCLUDE_SOURCE;
				MTL_FAST_MATH = YES;
				ONLY_ACTIVE_ARCH = YES;
				SDKROOT = iphoneos;
				SWIFT_ACTIVE_COMPILATION_CONDITIONS = "DEBUG $(inherited)";
				SWIFT_OPTIMIZATION_LEVEL = "-Onone";
			};
			name = Debug;
		};
		503E45B22E7660BA005ED9C4 /* Release */ = {
			isa = XCBuildConfiguration;
			buildSettings = {
				ALWAYS_SEARCH_USER_PATHS = NO;
				ASSETCATALOG_COMPILER_GENERATE_SWIFT_ASSET_SYMBOL_EXTENSIONS = YES;
				CLANG_ANALYZER_NONNULL = YES;
				CLANG_ANALYZER_NUMBER_OBJECT_CONVERSION = YES_AGGRESSIVE;
				CLANG_CXX_LANGUAGE_STANDARD = "gnu++20";
				CLANG_ENABLE_MODULES = YES;
				CLANG_ENABLE_OBJC_ARC = YES;
				CLANG_ENABLE_OBJC_WEAK = YES;
				CLANG_WARN_BLOCK_CAPTURE_AUTORELEASING = YES;
				CLANG_WARN_BOOL_CONVERSION = YES;
				CLANG_WARN_COMMA = YES;
				CLANG_WARN_CONSTANT_CONVERSION = YES;
				CLANG_WARN_DEPRECATED_OBJC_IMPLEMENTATIONS = YES;
				CLANG_WARN_DIRECT_OBJC_ISA_USAGE = YES_ERROR;
				CLANG_WARN_DOCUMENTATION_COMMENTS = YES;
				CLANG_WARN_EMPTY_BODY = YES;
				CLANG_WARN_ENUM_CONVERSION = YES;
				CLANG_WARN_INFINITE_RECURSION = YES;
				CLANG_WARN_INT_CONVERSION = YES;
				CLANG_WARN_NON_LITERAL_NULL_CONVERSION = YES;
				CLANG_WARN_OBJC_IMPLICIT_RETAIN_SELF = YES;
				CLANG_WARN_OBJC_LITERAL_CONVERSION = YES;
				CLANG_WARN_OBJC_ROOT_CLASS = YES_ERROR;
				CLANG_WARN_QUOTED_INCLUDE_IN_FRAMEWORK_HEADER = YES;
				CLANG_WARN_RANGE_LOOP_ANALYSIS = YES;
				CLANG_WARN_STRICT_PROTOTYPES = YES;
				CLANG_WARN_SUSPICIOUS_MOVE = YES;
				CLANG_WARN_UNGUARDED_AVAILABILITY = YES_AGGRESSIVE;
				CLANG_WARN_UNREACHABLE_CODE = YES;
				CLANG_WARN__DUPLICATE_METHOD_MATCH = YES;
				COPY_PHASE_STRIP = NO;
				DEBUG_INFORMATION_FORMAT = "dwarf-with-dsym";
				ENABLE_NS_ASSERTIONS = NO;
				ENABLE_STRICT_OBJC_MSGSEND = YES;
				ENABLE_USER_SCRIPT_SANDBOXING = YES;
				GCC_C_LANGUAGE_STANDARD = gnu17;
				GCC_NO_COMMON_BLOCKS = YES;
				GCC_WARN_64_TO_32_BIT_CONVERSION = YES;
				GCC_WARN_ABOUT_RETURN_TYPE = YES_ERROR;
				GCC_WARN_UNDECLARED_SELECTOR = YES;
				GCC_WARN_UNINITIALIZED_AUTOS = YES_AGGRESSIVE;
				GCC_WARN_UNUSED_FUNCTION = YES;
				GCC_WARN_UNUSED_VARIABLE = YES;
				IPHONEOS_DEPLOYMENT_TARGET = 18.5;
				LOCALIZATION_PREFERS_STRING_CATALOGS = YES;
				MTL_ENABLE_DEBUG_INFO = NO;
				MTL_FAST_MATH = YES;
				SDKROOT = iphoneos;
				SWIFT_COMPILATION_MODE = wholemodule;
				VALIDATE_PRODUCT = YES;
			};
			name = Release;
		};
		503E45B42E7660BA005ED9C4 /* Debug */ = {
			isa = XCBuildConfiguration;
			buildSettings = {
				ASSETCATALOG_COMPILER_APPICON_NAME = AppIcon;
				ASSETCATALOG_COMPILER_GLOBAL_ACCENT_COLOR_NAME = AccentColor;
				CODE_SIGN_STYLE = Automatic;
				CURRENT_PROJECT_VERSION = 1;
				DEVELOPMENT_TEAM = 2747G6WV76;
				ENABLE_PREVIEWS = YES;
				GENERATE_INFOPLIST_FILE = YES;
				INFOPLIST_KEY_UIApplicationSceneManifest_Generation = YES;
				INFOPLIST_KEY_UIApplicationSupportsIndirectInputEvents = YES;
				INFOPLIST_KEY_UILaunchScreen_Generation = YES;
				INFOPLIST_KEY_UISupportedInterfaceOrientations_iPad = "UIInterfaceOrientationPortrait UIInterfaceOrientationPortraitUpsideDown UIInterfaceOrientationLandscapeLeft UIInterfaceOrientationLandscapeRight";
				INFOPLIST_KEY_UISupportedInterfaceOrientations_iPhone = "UIInterfaceOrientationPortrait UIInterfaceOrientationLandscapeLeft UIInterfaceOrientationLandscapeRight";
				LD_RUNPATH_SEARCH_PATHS = (
					"$(inherited)",
					"@executable_path/Frameworks",
				);
				MARKETING_VERSION = 1.0;
				PRODUCT_BUNDLE_IDENTIFIER = sriphanicharan.TaskJarvis;
				PRODUCT_NAME = "$(TARGET_NAME)";
				SWIFT_EMIT_LOC_STRINGS = YES;
				SWIFT_VERSION = 5.0;
				TARGETED_DEVICE_FAMILY = "1,2";
			};
			name = Debug;
		};
		503E45B52E7660BA005ED9C4 /* Release */ = {
			isa = XCBuildConfiguration;
			buildSettings = {
				ASSETCATALOG_COMPILER_APPICON_NAME = AppIcon;
				ASSETCATALOG_COMPILER_GLOBAL_ACCENT_COLOR_NAME = AccentColor;
				CODE_SIGN_STYLE = Automatic;
				CURRENT_PROJECT_VERSION = 1;
				DEVELOPMENT_TEAM = 2747G6WV76;
				ENABLE_PREVIEWS = YES;
				GENERATE_INFOPLIST_FILE = YES;
				INFOPLIST_KEY_UIApplicationSceneManifest_Generation = YES;
				INFOPLIST_KEY_UIApplicationSupportsIndirectInputEvents = YES;
				INFOPLIST_KEY_UILaunchScreen_Generation = YES;
				INFOPLIST_KEY_UISupportedInterfaceOrientations_iPad = "UIInterfaceOrientationPortrait UIInterfaceOrientationPortraitUpsideDown UIInterfaceOrientationLandscapeLeft UIInterfaceOrientationLandscapeRight";
				INFOPLIST_KEY_UISupportedInterfaceOrientations_iPhone = "UIInterfaceOrientationPortrait UIInterfaceOrientationLandscapeLeft UIInterfaceOrientationLandscapeRight";
				LD_RUNPATH_SEARCH_PATHS = (
					"$(inherited)",
					"@executable_path/Frameworks",
				);
				MARKETING_VERSION = 1.0;
				PRODUCT_BUNDLE_IDENTIFIER = sriphanicharan.TaskJarvis;
				PRODUCT_NAME = "$(TARGET_NAME)";
				SWIFT_EMIT_LOC_STRINGS = YES;
				SWIFT_VERSION = 5.0;
				TARGETED_DEVICE_FAMILY = "1,2";
			};
			name = Release;
		};
		503E45B72E7660BA005ED9C4 /* Debug */ = {
			isa = XCBuildConfiguration;
			buildSettings = {
				BUNDLE_LOADER = "$(TEST_HOST)";
				CODE_SIGN_STYLE = Automatic;
				CURRENT_PROJECT_VERSION = 1;
				GENERATE_INFOPLIST_FILE = YES;
				IPHONEOS_DEPLOYMENT_TARGET = 18.5;
				MARKETING_VERSION = 1.0;
				PRODUCT_BUNDLE_IDENTIFIER = sriphanicharan.TaskJarvisTests;
				PRODUCT_NAME = "$(TARGET_NAME)";
				SWIFT_EMIT_LOC_STRINGS = NO;
				SWIFT_VERSION = 5.0;
				TARGETED_DEVICE_FAMILY = "1,2";
				TEST_HOST = "$(BUILT_PRODUCTS_DIR)/TaskJarvis.app/$(BUNDLE_EXECUTABLE_FOLDER_PATH)/TaskJarvis";
			};
			name = Debug;
		};
		503E45B82E7660BA005ED9C4 /* Release */ = {
			isa = XCBuildConfiguration;
			buildSettings = {
				BUNDLE_LOADER = "$(TEST_HOST)";
				CODE_SIGN_STYLE = Automatic;
				CURRENT_PROJECT_VERSION = 1;
				GENERATE_INFOPLIST_FILE = YES;
				IPHONEOS_DEPLOYMENT_TARGET = 18.5;
				MARKETING_VERSION = 1.0;
				PRODUCT_BUNDLE_IDENTIFIER = sriphanicharan.TaskJarvisTests;
				PRODUCT_NAME = "$(TARGET_NAME)";
				SWIFT_EMIT_LOC_STRINGS = NO;
				SWIFT_VERSION = 5.0;
				TARGETED_DEVICE_FAMILY = "1,2";
				TEST_HOST = "$(BUILT_PRODUCTS_DIR)/TaskJarvis.app/$(BUNDLE_EXECUTABLE_FOLDER_PATH)/TaskJarvis";
			};
			name = Release;
		};
		503E45BA2E7660BA005ED9C4 /* Debug */ = {
			isa = XCBuildConfiguration;
			buildSettings = {
				CODE_SIGN_STYLE = Automatic;
				CURRENT_PROJECT_VERSION = 1;
				GENERATE_INFOPLIST_FILE = YES;
				MARKETING_VERSION = 1.0;
				PRODUCT_BUNDLE_IDENTIFIER = sriphanicharan.TaskJarvisUITests;
				PRODUCT_NAME = "$(TARGET_NAME)";
				SWIFT_EMIT_LOC_STRINGS = NO;
				SWIFT_VERSION = 5.0;
				TARGETED_DEVICE_FAMILY = "1,2";
				TEST_TARGET_NAME = TaskJarvis;
			};
			name = Debug;
		};
		503E45BB2E7660BA005ED9C4 /* Release */ = {
			isa = XCBuildConfiguration;
			buildSettings = {
				CODE_SIGN_STYLE = Automatic;
				CURRENT_PROJECT_VERSION = 1;
				GENERATE_INFOPLIST_FILE = YES;
				MARKETING_VERSION = 1.0;
				PRODUCT_BUNDLE_IDENTIFIER = sriphanicharan.TaskJarvisUITests;
				PRODUCT_NAME = "$(TARGET_NAME)";
				SWIFT_EMIT_LOC_STRINGS = NO;
				SWIFT_VERSION = 5.0;
				TARGETED_DEVICE_FAMILY = "1,2";
				TEST_TARGET_NAME = TaskJarvis;
			};
			name = Release;
		};
/* End XCBuildConfiguration section */

/* Begin XCConfigurationList section */
		503E458D2E7660B7005ED9C4 /* Build configuration list for PBXProject "TaskJarvis" */ = {
			isa = XCConfigurationList;
			buildConfigurations = (
				503E45B12E7660BA005ED9C4 /* Debug */,
				503E45B22E7660BA005ED9C4 /* Release */,
			);
			defaultConfigurationIsVisible = 0;
			defaultConfigurationName = Release;
		};
		503E45B32E7660BA005ED9C4 /* Build configuration list for PBXNativeTarget "TaskJarvis" */ = {
			isa = XCConfigurationList;
			buildConfigurations = (
				503E45B42E7660BA005ED9C4 /* Debug */,
				503E45B52E7660BA005ED9C4 /* Release */,
			);
			defaultConfigurationIsVisible = 0;
			defaultConfigurationName = Release;
		};
		503E45B62E7660BA005ED9C4 /* Build configuration list for PBXNativeTarget "TaskJarvisTests" */ = {
			isa = XCConfigurationList;
			buildConfigurations = (
				503E45B72E7660BA005ED9C4 /* Debug */,
				503E45B82E7660BA005ED9C4 /* Release */,
			);
			defaultConfigurationIsVisible = 0;
			defaultConfigurationName = Release;
		};
		503E45B92E7660BA005ED9C4 /* Build configuration list for PBXNativeTarget "TaskJarvisUITests" */ = {
			isa = XCConfigurationList;
			buildConfigurations = (
				503E45BA2E7660BA005ED9C4 /* Debug */,
				503E45BB2E7660BA005ED9C4 /* Release */,
			);
			defaultConfigurationIsVisible = 0;
			defaultConfigurationName = Release;
		};
/* End XCConfigurationList section */

/* Begin XCRemoteSwiftPackageReference section */
		50D5F7D52E80E003007F24DF /* XCRemoteSwiftPackageReference "supabase-swift" */ = {
			isa = XCRemoteSwiftPackageReference;
			repositoryURL = "https://github.com/supabase-community/supabase-swift";
			requirement = {
				kind = upToNextMajorVersion;
				minimumVersion = 2.5.1;
			};
		};
/* End XCRemoteSwiftPackageReference section */

/* Begin XCSwiftPackageProductDependency section */
		50D5F7D62E80E003007F24DF /* Auth */ = {
			isa = XCSwiftPackageProductDependency;
			package = 50D5F7D52E80E003007F24DF /* XCRemoteSwiftPackageReference "supabase-swift" */;
			productName = Auth;
		};
		50D5F7D82E80E003007F24DF /* Functions */ = {
			isa = XCSwiftPackageProductDependency;
			package = 50D5F7D52E80E003007F24DF /* XCRemoteSwiftPackageReference "supabase-swift" */;
			productName = Functions;
		};
		50D5F7DA2E80E003007F24DF /* PostgREST */ = {
			isa = XCSwiftPackageProductDependency;
			package = 50D5F7D52E80E003007F24DF /* XCRemoteSwiftPackageReference "supabase-swift" */;
			productName = PostgREST;
		};
		50D5F7DC2E80E003007F24DF /* Realtime */ = {
			isa = XCSwiftPackageProductDependency;
			package = 50D5F7D52E80E003007F24DF /* XCRemoteSwiftPackageReference "supabase-swift" */;
			productName = Realtime;
		};
		50D5F7DE2E80E003007F24DF /* Storage */ = {
			isa = XCSwiftPackageProductDependency;
			package = 50D5F7D52E80E003007F24DF /* XCRemoteSwiftPackageReference "supabase-swift" */;
			productName = Storage;
		};
		50D5F7E02E80E003007F24DF /* Supabase */ = {
			isa = XCSwiftPackageProductDependency;
			package = 50D5F7D52E80E003007F24DF /* XCRemoteSwiftPackageReference "supabase-swift" */;
			productName = Supabase;
		};
/* End XCSwiftPackageProductDependency section */
	};
	rootObject = 503E458A2E7660B7005ED9C4 /* Project object */;
}
